// !$*UTF8*$!
{
	archiveVersion = 1;
	classes = {
	};
	objectVersion = 48;
	objects = {

/* Begin PBXBuildFile section */
		115720EE2020927B008D2B8E /* AppDelegate.swift in Sources */ = {isa = PBXBuildFile; fileRef = 115720ED2020927B008D2B8E /* AppDelegate.swift */; };
		115720F02020927B008D2B8E /* ViewController.swift in Sources */ = {isa = PBXBuildFile; fileRef = 115720EF2020927B008D2B8E /* ViewController.swift */; };
		115720F32020927B008D2B8E /* Main.storyboard in Resources */ = {isa = PBXBuildFile; fileRef = 115720F12020927B008D2B8E /* Main.storyboard */; };
		115720F52020927B008D2B8E /* Assets.xcassets in Resources */ = {isa = PBXBuildFile; fileRef = 115720F42020927B008D2B8E /* Assets.xcassets */; };
		115720F82020927B008D2B8E /* LaunchScreen.storyboard in Resources */ = {isa = PBXBuildFile; fileRef = 115720F62020927B008D2B8E /* LaunchScreen.storyboard */; };
		115721032020927B008D2B8E /* World_TrackingTests.swift in Sources */ = {isa = PBXBuildFile; fileRef = 115721022020927B008D2B8E /* World_TrackingTests.swift */; };
		1157210E2020927B008D2B8E /* World_TrackingUITests.swift in Sources */ = {isa = PBXBuildFile; fileRef = 1157210D2020927B008D2B8E /* World_TrackingUITests.swift */; };
		1157211D2020AD11008D2B8E /* InitialViewController.swift in Sources */ = {isa = PBXBuildFile; fileRef = 1157211B2020AD0B008D2B8E /* InitialViewController.swift */; };
		11FDC48F202F49370057EA65 /* DrawingViewController.swift in Sources */ = {isa = PBXBuildFile; fileRef = 11FDC48E202F49370057EA65 /* DrawingViewController.swift */; };
		11FDC491202F66E00057EA65 /* PlanetViewController.swift in Sources */ = {isa = PBXBuildFile; fileRef = 11FDC490202F66E00057EA65 /* PlanetViewController.swift */; };
		11FDC493203B56580057EA65 /* IkeaViewController.swift in Sources */ = {isa = PBXBuildFile; fileRef = 11FDC492203B56580057EA65 /* IkeaViewController.swift */; };
		11FDC495203B5F7F0057EA65 /* ikeaItemCell.swift in Sources */ = {isa = PBXBuildFile; fileRef = 11FDC494203B5F7F0057EA65 /* ikeaItemCell.swift */; };
		11FDC49E203B668D0057EA65 /* Models.scnassets in Resources */ = {isa = PBXBuildFile; fileRef = 11FDC49D203B668D0057EA65 /* Models.scnassets */; };
		11FDC4A1203B67C80057EA65 /* RetroRoomDivider_Diffuce.jpg in Resources */ = {isa = PBXBuildFile; fileRef = 11FDC49F203B67C80057EA65 /* RetroRoomDivider_Diffuce.jpg */; };
		11FDC4A2203B67C80057EA65 /* RetroRoomDivider_Normal.jpg in Resources */ = {isa = PBXBuildFile; fileRef = 11FDC4A0203B67C80057EA65 /* RetroRoomDivider_Normal.jpg */; };
/* End PBXBuildFile section */

/* Begin PBXContainerItemProxy section */
		115720FF2020927B008D2B8E /* PBXContainerItemProxy */ = {
			isa = PBXContainerItemProxy;
			containerPortal = 115720E22020927B008D2B8E /* Project object */;
			proxyType = 1;
			remoteGlobalIDString = 115720E92020927B008D2B8E;
			remoteInfo = "World Tracking";
		};
		1157210A2020927B008D2B8E /* PBXContainerItemProxy */ = {
			isa = PBXContainerItemProxy;
			containerPortal = 115720E22020927B008D2B8E /* Project object */;
			proxyType = 1;
			remoteGlobalIDString = 115720E92020927B008D2B8E;
			remoteInfo = "World Tracking";
		};
/* End PBXContainerItemProxy section */

/* Begin PBXFileReference section */
		115720EA2020927B008D2B8E /* World Tracking.app */ = {isa = PBXFileReference; explicitFileType = wrapper.application; includeInIndex = 0; path = "World Tracking.app"; sourceTree = BUILT_PRODUCTS_DIR; };
		115720ED2020927B008D2B8E /* AppDelegate.swift */ = {isa = PBXFileReference; lastKnownFileType = sourcecode.swift; path = AppDelegate.swift; sourceTree = "<group>"; };
		115720EF2020927B008D2B8E /* ViewController.swift */ = {isa = PBXFileReference; lastKnownFileType = sourcecode.swift; path = ViewController.swift; sourceTree = "<group>"; };
		115720F22020927B008D2B8E /* Base */ = {isa = PBXFileReference; lastKnownFileType = file.storyboard; name = Base; path = Base.lproj/Main.storyboard; sourceTree = "<group>"; };
		115720F42020927B008D2B8E /* Assets.xcassets */ = {isa = PBXFileReference; lastKnownFileType = folder.assetcatalog; path = Assets.xcassets; sourceTree = "<group>"; };
		115720F72020927B008D2B8E /* Base */ = {isa = PBXFileReference; lastKnownFileType = file.storyboard; name = Base; path = Base.lproj/LaunchScreen.storyboard; sourceTree = "<group>"; };
		115720F92020927B008D2B8E /* Info.plist */ = {isa = PBXFileReference; lastKnownFileType = text.plist.xml; path = Info.plist; sourceTree = "<group>"; };
		115720FE2020927B008D2B8E /* World TrackingTests.xctest */ = {isa = PBXFileReference; explicitFileType = wrapper.cfbundle; includeInIndex = 0; path = "World TrackingTests.xctest"; sourceTree = BUILT_PRODUCTS_DIR; };
		115721022020927B008D2B8E /* World_TrackingTests.swift */ = {isa = PBXFileReference; lastKnownFileType = sourcecode.swift; path = World_TrackingTests.swift; sourceTree = "<group>"; };
		115721042020927B008D2B8E /* Info.plist */ = {isa = PBXFileReference; lastKnownFileType = text.plist.xml; path = Info.plist; sourceTree = "<group>"; };
		115721092020927B008D2B8E /* World TrackingUITests.xctest */ = {isa = PBXFileReference; explicitFileType = wrapper.cfbundle; includeInIndex = 0; path = "World TrackingUITests.xctest"; sourceTree = BUILT_PRODUCTS_DIR; };
		1157210D2020927B008D2B8E /* World_TrackingUITests.swift */ = {isa = PBXFileReference; lastKnownFileType = sourcecode.swift; path = World_TrackingUITests.swift; sourceTree = "<group>"; };
		1157210F2020927B008D2B8E /* Info.plist */ = {isa = PBXFileReference; lastKnownFileType = text.plist.xml; path = Info.plist; sourceTree = "<group>"; };
		1157211B2020AD0B008D2B8E /* InitialViewController.swift */ = {isa = PBXFileReference; lastKnownFileType = sourcecode.swift; path = InitialViewController.swift; sourceTree = "<group>"; };
		11FDC48E202F49370057EA65 /* DrawingViewController.swift */ = {isa = PBXFileReference; lastKnownFileType = sourcecode.swift; path = DrawingViewController.swift; sourceTree = "<group>"; };
		11FDC490202F66E00057EA65 /* PlanetViewController.swift */ = {isa = PBXFileReference; lastKnownFileType = sourcecode.swift; path = PlanetViewController.swift; sourceTree = "<group>"; };
		11FDC492203B56580057EA65 /* IkeaViewController.swift */ = {isa = PBXFileReference; lastKnownFileType = sourcecode.swift; path = IkeaViewController.swift; sourceTree = "<group>"; };
		11FDC494203B5F7F0057EA65 /* ikeaItemCell.swift */ = {isa = PBXFileReference; lastKnownFileType = sourcecode.swift; path = ikeaItemCell.swift; sourceTree = "<group>"; };
		11FDC49D203B668D0057EA65 /* Models.scnassets */ = {isa = PBXFileReference; lastKnownFileType = wrapper.scnassets; path = Models.scnassets; sourceTree = "<group>"; };
		11FDC49F203B67C80057EA65 /* RetroRoomDivider_Diffuce.jpg */ = {isa = PBXFileReference; lastKnownFileType = image.jpeg; name = RetroRoomDivider_Diffuce.jpg; path = "../../../Downloads/Retro Room Divider Game-Ready/RetroRoomDividerCollada/RetroRoomDivider_Diffuce.jpg"; sourceTree = "<group>"; };
		11FDC4A0203B67C80057EA65 /* RetroRoomDivider_Normal.jpg */ = {isa = PBXFileReference; lastKnownFileType = image.jpeg; name = RetroRoomDivider_Normal.jpg; path = "../../../Downloads/Retro Room Divider Game-Ready/RetroRoomDividerCollada/RetroRoomDivider_Normal.jpg"; sourceTree = "<group>"; };
/* End PBXFileReference section */

/* Begin PBXFrameworksBuildPhase section */
		115720E72020927B008D2B8E /* Frameworks */ = {
			isa = PBXFrameworksBuildPhase;
			buildActionMask = 2147483647;
			files = (
			);
			runOnlyForDeploymentPostprocessing = 0;
		};
		115720FB2020927B008D2B8E /* Frameworks */ = {
			isa = PBXFrameworksBuildPhase;
			buildActionMask = 2147483647;
			files = (
			);
			runOnlyForDeploymentPostprocessing = 0;
		};
		115721062020927B008D2B8E /* Frameworks */ = {
			isa = PBXFrameworksBuildPhase;
			buildActionMask = 2147483647;
			files = (
			);
			runOnlyForDeploymentPostprocessing = 0;
		};
/* End PBXFrameworksBuildPhase section */

/* Begin PBXGroup section */
		115720E12020927B008D2B8E = {
			isa = PBXGroup;
			children = (
				115720EC2020927B008D2B8E /* World Tracking */,
				115721012020927B008D2B8E /* World TrackingTests */,
				1157210C2020927B008D2B8E /* World TrackingUITests */,
				115720EB2020927B008D2B8E /* Products */,
			);
			sourceTree = "<group>";
		};
		115720EB2020927B008D2B8E /* Products */ = {
			isa = PBXGroup;
			children = (
				115720EA2020927B008D2B8E /* World Tracking.app */,
				115720FE2020927B008D2B8E /* World TrackingTests.xctest */,
				115721092020927B008D2B8E /* World TrackingUITests.xctest */,
			);
			name = Products;
			sourceTree = "<group>";
		};
		115720EC2020927B008D2B8E /* World Tracking */ = {
			isa = PBXGroup;
			children = (
				115720ED2020927B008D2B8E /* AppDelegate.swift */,
				1157211B2020AD0B008D2B8E /* InitialViewController.swift */,
				115720EF2020927B008D2B8E /* ViewController.swift */,
				11FDC48E202F49370057EA65 /* DrawingViewController.swift */,
				11FDC490202F66E00057EA65 /* PlanetViewController.swift */,
				11FDC492203B56580057EA65 /* IkeaViewController.swift */,
				11FDC49F203B67C80057EA65 /* RetroRoomDivider_Diffuce.jpg */,
				11FDC4A0203B67C80057EA65 /* RetroRoomDivider_Normal.jpg */,
				11FDC494203B5F7F0057EA65 /* ikeaItemCell.swift */,
				115720F12020927B008D2B8E /* Main.storyboard */,
				115720F42020927B008D2B8E /* Assets.xcassets */,
				115720F62020927B008D2B8E /* LaunchScreen.storyboard */,
				115720F92020927B008D2B8E /* Info.plist */,
				11FDC49D203B668D0057EA65 /* Models.scnassets */,
			);
			path = "World Tracking";
			sourceTree = "<group>";
		};
		115721012020927B008D2B8E /* World TrackingTests */ = {
			isa = PBXGroup;
			children = (
				115721022020927B008D2B8E /* World_TrackingTests.swift */,
				115721042020927B008D2B8E /* Info.plist */,
			);
			path = "World TrackingTests";
			sourceTree = "<group>";
		};
		1157210C2020927B008D2B8E /* World TrackingUITests */ = {
			isa = PBXGroup;
			children = (
				1157210D2020927B008D2B8E /* World_TrackingUITests.swift */,
				1157210F2020927B008D2B8E /* Info.plist */,
			);
			path = "World TrackingUITests";
			sourceTree = "<group>";
		};
/* End PBXGroup section */

/* Begin PBXNativeTarget section */
		115720E92020927B008D2B8E /* World Tracking */ = {
			isa = PBXNativeTarget;
			buildConfigurationList = 115721122020927B008D2B8E /* Build configuration list for PBXNativeTarget "World Tracking" */;
			buildPhases = (
				115720E62020927B008D2B8E /* Sources */,
				115720E72020927B008D2B8E /* Frameworks */,
				115720E82020927B008D2B8E /* Resources */,
			);
			buildRules = (
			);
			dependencies = (
			);
			name = "World Tracking";
			productName = "World Tracking";
			productReference = 115720EA2020927B008D2B8E /* World Tracking.app */;
			productType = "com.apple.product-type.application";
		};
		115720FD2020927B008D2B8E /* World TrackingTests */ = {
			isa = PBXNativeTarget;
			buildConfigurationList = 115721152020927B008D2B8E /* Build configuration list for PBXNativeTarget "World TrackingTests" */;
			buildPhases = (
				115720FA2020927B008D2B8E /* Sources */,
				115720FB2020927B008D2B8E /* Frameworks */,
				115720FC2020927B008D2B8E /* Resources */,
			);
			buildRules = (
			);
			dependencies = (
				115721002020927B008D2B8E /* PBXTargetDependency */,
			);
			name = "World TrackingTests";
			productName = "World TrackingTests";
			productReference = 115720FE2020927B008D2B8E /* World TrackingTests.xctest */;
			productType = "com.apple.product-type.bundle.unit-test";
		};
		115721082020927B008D2B8E /* World TrackingUITests */ = {
			isa = PBXNativeTarget;
			buildConfigurationList = 115721182020927B008D2B8E /* Build configuration list for PBXNativeTarget "World TrackingUITests" */;
			buildPhases = (
				115721052020927B008D2B8E /* Sources */,
				115721062020927B008D2B8E /* Frameworks */,
				115721072020927B008D2B8E /* Resources */,
			);
			buildRules = (
			);
			dependencies = (
				1157210B2020927B008D2B8E /* PBXTargetDependency */,
			);
			name = "World TrackingUITests";
			productName = "World TrackingUITests";
			productReference = 115721092020927B008D2B8E /* World TrackingUITests.xctest */;
			productType = "com.apple.product-type.bundle.ui-testing";
		};
/* End PBXNativeTarget section */

/* Begin PBXProject section */
		115720E22020927B008D2B8E /* Project object */ = {
			isa = PBXProject;
			attributes = {
				LastSwiftUpdateCheck = 0920;
				LastUpgradeCheck = 0920;
				ORGANIZATIONNAME = "Alexander Tallqvist";
				TargetAttributes = {
					115720E92020927B008D2B8E = {
						CreatedOnToolsVersion = 9.2;
						ProvisioningStyle = Automatic;
					};
					115720FD2020927B008D2B8E = {
						CreatedOnToolsVersion = 9.2;
						ProvisioningStyle = Automatic;
						TestTargetID = 115720E92020927B008D2B8E;
					};
					115721082020927B008D2B8E = {
						CreatedOnToolsVersion = 9.2;
						ProvisioningStyle = Automatic;
						TestTargetID = 115720E92020927B008D2B8E;
					};
				};
			};
			buildConfigurationList = 115720E52020927B008D2B8E /* Build configuration list for PBXProject "World Tracking" */;
			compatibilityVersion = "Xcode 8.0";
			developmentRegion = en;
			hasScannedForEncodings = 0;
			knownRegions = (
				en,
				Base,
			);
			mainGroup = 115720E12020927B008D2B8E;
			productRefGroup = 115720EB2020927B008D2B8E /* Products */;
			projectDirPath = "";
			projectRoot = "";
			targets = (
				115720E92020927B008D2B8E /* World Tracking */,
				115720FD2020927B008D2B8E /* World TrackingTests */,
				115721082020927B008D2B8E /* World TrackingUITests */,
			);
		};
/* End PBXProject section */

/* Begin PBXResourcesBuildPhase section */
		115720E82020927B008D2B8E /* Resources */ = {
			isa = PBXResourcesBuildPhase;
			buildActionMask = 2147483647;
			files = (
				115720F82020927B008D2B8E /* LaunchScreen.storyboard in Resources */,
				115720F52020927B008D2B8E /* Assets.xcassets in Resources */,
				115720F32020927B008D2B8E /* Main.storyboard in Resources */,
				11FDC49E203B668D0057EA65 /* Models.scnassets in Resources */,
				11FDC4A2203B67C80057EA65 /* RetroRoomDivider_Normal.jpg in Resources */,
				11FDC4A1203B67C80057EA65 /* RetroRoomDivider_Diffuce.jpg in Resources */,
			);
			runOnlyForDeploymentPostprocessing = 0;
		};
		115720FC2020927B008D2B8E /* Resources */ = {
			isa = PBXResourcesBuildPhase;
			buildActionMask = 2147483647;
			files = (
			);
			runOnlyForDeploymentPostprocessing = 0;
		};
		115721072020927B008D2B8E /* Resources */ = {
			isa = PBXResourcesBuildPhase;
			buildActionMask = 2147483647;
			files = (
			);
			runOnlyForDeploymentPostprocessing = 0;
		};
/* End PBXResourcesBuildPhase section */

/* Begin PBXSourcesBuildPhase section */
		115720E62020927B008D2B8E /* Sources */ = {
			isa = PBXSourcesBuildPhase;
			buildActionMask = 2147483647;
			files = (
				11FDC493203B56580057EA65 /* IkeaViewController.swift in Sources */,
				11FDC491202F66E00057EA65 /* PlanetViewController.swift in Sources */,
				1157211D2020AD11008D2B8E /* InitialViewController.swift in Sources */,
				11FDC48F202F49370057EA65 /* DrawingViewController.swift in Sources */,
				11FDC495203B5F7F0057EA65 /* ikeaItemCell.swift in Sources */,
				115720F02020927B008D2B8E /* ViewController.swift in Sources */,
				115720EE2020927B008D2B8E /* AppDelegate.swift in Sources */,
			);
			runOnlyForDeploymentPostprocessing = 0;
		};
		115720FA2020927B008D2B8E /* Sources */ = {
			isa = PBXSourcesBuildPhase;
			buildActionMask = 2147483647;
			files = (
				115721032020927B008D2B8E /* World_TrackingTests.swift in Sources */,
			);
			runOnlyForDeploymentPostprocessing = 0;
		};
		115721052020927B008D2B8E /* Sources */ = {
			isa = PBXSourcesBuildPhase;
			buildActionMask = 2147483647;
			files = (
				1157210E2020927B008D2B8E /* World_TrackingUITests.swift in Sources */,
			);
			runOnlyForDeploymentPostprocessing = 0;
		};
/* End PBXSourcesBuildPhase section */

/* Begin PBXTargetDependency section */
		115721002020927B008D2B8E /* PBXTargetDependency */ = {
			isa = PBXTargetDependency;
			target = 115720E92020927B008D2B8E /* World Tracking */;
			targetProxy = 115720FF2020927B008D2B8E /* PBXContainerItemProxy */;
		};
		1157210B2020927B008D2B8E /* PBXTargetDependency */ = {
			isa = PBXTargetDependency;
			target = 115720E92020927B008D2B8E /* World Tracking */;
			targetProxy = 1157210A2020927B008D2B8E /* PBXContainerItemProxy */;
		};
/* End PBXTargetDependency section */

/* Begin PBXVariantGroup section */
		115720F12020927B008D2B8E /* Main.storyboard */ = {
			isa = PBXVariantGroup;
			children = (
				115720F22020927B008D2B8E /* Base */,
			);
			name = Main.storyboard;
			sourceTree = "<group>";
		};
		115720F62020927B008D2B8E /* LaunchScreen.storyboard */ = {
			isa = PBXVariantGroup;
			children = (
				115720F72020927B008D2B8E /* Base */,
			);
			name = LaunchScreen.storyboard;
			sourceTree = "<group>";
		};
/* End PBXVariantGroup section */

/* Begin XCBuildConfiguration section */
		115721102020927B008D2B8E /* Debug */ = {
			isa = XCBuildConfiguration;
			buildSettings = {
				ALWAYS_SEARCH_USER_PATHS = NO;
				CLANG_ANALYZER_NONNULL = YES;
				CLANG_ANALYZER_NUMBER_OBJECT_CONVERSION = YES_AGGRESSIVE;
				CLANG_CXX_LANGUAGE_STANDARD = "gnu++14";
				CLANG_CXX_LIBRARY = "libc++";
				CLANG_ENABLE_MODULES = YES;
				CLANG_ENABLE_OBJC_ARC = YES;
				CLANG_WARN_BLOCK_CAPTURE_AUTORELEASING = YES;
				CLANG_WARN_BOOL_CONVERSION = YES;
				CLANG_WARN_COMMA = YES;
				CLANG_WARN_CONSTANT_CONVERSION = YES;
				CLANG_WARN_DIRECT_OBJC_ISA_USAGE = YES_ERROR;
				CLANG_WARN_DOCUMENTATION_COMMENTS = YES;
				CLANG_WARN_EMPTY_BODY = YES;
				CLANG_WARN_ENUM_CONVERSION = YES;
				CLANG_WARN_INFINITE_RECURSION = YES;
				CLANG_WARN_INT_CONVERSION = YES;
				CLANG_WARN_NON_LITERAL_NULL_CONVERSION = YES;
				CLANG_WARN_OBJC_LITERAL_CONVERSION = YES;
				CLANG_WARN_OBJC_ROOT_CLASS = YES_ERROR;
				CLANG_WARN_RANGE_LOOP_ANALYSIS = YES;
				CLANG_WARN_STRICT_PROTOTYPES = YES;
				CLANG_WARN_SUSPICIOUS_MOVE = YES;
				CLANG_WARN_UNGUARDED_AVAILABILITY = YES_AGGRESSIVE;
				CLANG_WARN_UNREACHABLE_CODE = YES;
				CLANG_WARN__DUPLICATE_METHOD_MATCH = YES;
				CODE_SIGN_IDENTITY = "iPhone Developer";
				COPY_PHASE_STRIP = NO;
				DEBUG_INFORMATION_FORMAT = dwarf;
				ENABLE_STRICT_OBJC_MSGSEND = YES;
				ENABLE_TESTABILITY = YES;
				GCC_C_LANGUAGE_STANDARD = gnu11;
				GCC_DYNAMIC_NO_PIC = NO;
				GCC_NO_COMMON_BLOCKS = YES;
				GCC_OPTIMIZATION_LEVEL = 0;
				GCC_PREPROCESSOR_DEFINITIONS = (
					"DEBUG=1",
					"$(inherited)",
				);
				GCC_WARN_64_TO_32_BIT_CONVERSION = YES;
				GCC_WARN_ABOUT_RETURN_TYPE = YES_ERROR;
				GCC_WARN_UNDECLARED_SELECTOR = YES;
				GCC_WARN_UNINITIALIZED_AUTOS = YES_AGGRESSIVE;
				GCC_WARN_UNUSED_FUNCTION = YES;
				GCC_WARN_UNUSED_VARIABLE = YES;
				IPHONEOS_DEPLOYMENT_TARGET = 11.2;
				MTL_ENABLE_DEBUG_INFO = YES;
				ONLY_ACTIVE_ARCH = YES;
				SDKROOT = iphoneos;
				SWIFT_ACTIVE_COMPILATION_CONDITIONS = DEBUG;
				SWIFT_OPTIMIZATION_LEVEL = "-Onone";
			};
			name = Debug;
		};
		115721112020927B008D2B8E /* Release */ = {
			isa = XCBuildConfiguration;
			buildSettings = {
				ALWAYS_SEARCH_USER_PATHS = NO;
				CLANG_ANALYZER_NONNULL = YES;
				CLANG_ANALYZER_NUMBER_OBJECT_CONVERSION = YES_AGGRESSIVE;
				CLANG_CXX_LANGUAGE_STANDARD = "gnu++14";
				CLANG_CXX_LIBRARY = "libc++";
				CLANG_ENABLE_MODULES = YES;
				CLANG_ENABLE_OBJC_ARC = YES;
				CLANG_WARN_BLOCK_CAPTURE_AUTORELEASING = YES;
				CLANG_WARN_BOOL_CONVERSION = YES;
				CLANG_WARN_COMMA = YES;
				CLANG_WARN_CONSTANT_CONVERSION = YES;
				CLANG_WARN_DIRECT_OBJC_ISA_USAGE = YES_ERROR;
				CLANG_WARN_DOCUMENTATION_COMMENTS = YES;
				CLANG_WARN_EMPTY_BODY = YES;
				CLANG_WARN_ENUM_CONVERSION = YES;
				CLANG_WARN_INFINITE_RECURSION = YES;
				CLANG_WARN_INT_CONVERSION = YES;
				CLANG_WARN_NON_LITERAL_NULL_CONVERSION = YES;
				CLANG_WARN_OBJC_LITERAL_CONVERSION = YES;
				CLANG_WARN_OBJC_ROOT_CLASS = YES_ERROR;
				CLANG_WARN_RANGE_LOOP_ANALYSIS = YES;
				CLANG_WARN_STRICT_PROTOTYPES = YES;
				CLANG_WARN_SUSPICIOUS_MOVE = YES;
				CLANG_WARN_UNGUARDED_AVAILABILITY = YES_AGGRESSIVE;
				CLANG_WARN_UNREACHABLE_CODE = YES;
				CLANG_WARN__DUPLICATE_METHOD_MATCH = YES;
				CODE_SIGN_IDENTITY = "iPhone Developer";
				COPY_PHASE_STRIP = NO;
				DEBUG_INFORMATION_FORMAT = "dwarf-with-dsym";
				ENABLE_NS_ASSERTIONS = NO;
				ENABLE_STRICT_OBJC_MSGSEND = YES;
				GCC_C_LANGUAGE_STANDARD = gnu11;
				GCC_NO_COMMON_BLOCKS = YES;
				GCC_WARN_64_TO_32_BIT_CONVERSION = YES;
				GCC_WARN_ABOUT_RETURN_TYPE = YES_ERROR;
				GCC_WARN_UNDECLARED_SELECTOR = YES;
				GCC_WARN_UNINITIALIZED_AUTOS = YES_AGGRESSIVE;
				GCC_WARN_UNUSED_FUNCTION = YES;
				GCC_WARN_UNUSED_VARIABLE = YES;
				IPHONEOS_DEPLOYMENT_TARGET = 11.2;
				MTL_ENABLE_DEBUG_INFO = NO;
				SDKROOT = iphoneos;
				SWIFT_OPTIMIZATION_LEVEL = "-Owholemodule";
				VALIDATE_PRODUCT = YES;
			};
			name = Release;
		};
		115721132020927B008D2B8E /* Debug */ = {
			isa = XCBuildConfiguration;
			buildSettings = {
				ASSETCATALOG_COMPILER_APPICON_NAME = AppIcon;
				CODE_SIGN_STYLE = Automatic;
				DEVELOPMENT_TEAM = 49C4X7J4V5;
				INFOPLIST_FILE = "World Tracking/Info.plist";
				LD_RUNPATH_SEARCH_PATHS = "$(inherited) @executable_path/Frameworks";
				PRODUCT_BUNDLE_IDENTIFIER = "Team-AR-BOIS.World-Tracking";
				PRODUCT_NAME = "$(TARGET_NAME)";
				SWIFT_VERSION = 4.0;
				TARGETED_DEVICE_FAMILY = "1,2";
			};
			name = Debug;
		};
		115721142020927B008D2B8E /* Release */ = {
			isa = XCBuildConfiguration;
			buildSettings = {
				ASSETCATALOG_COMPILER_APPICON_NAME = AppIcon;
				CODE_SIGN_STYLE = Automatic;
				DEVELOPMENT_TEAM = 49C4X7J4V5;
				INFOPLIST_FILE = "World Tracking/Info.plist";
				LD_RUNPATH_SEARCH_PATHS = "$(inherited) @executable_path/Frameworks";
				PRODUCT_BUNDLE_IDENTIFIER = "Team-AR-BOIS.World-Tracking";
				PRODUCT_NAME = "$(TARGET_NAME)";
				SWIFT_VERSION = 4.0;
				TARGETED_DEVICE_FAMILY = "1,2";
			};
			name = Release;
		};
		115721162020927B008D2B8E /* Debug */ = {
			isa = XCBuildConfiguration;
			buildSettings = {
				ALWAYS_EMBED_SWIFT_STANDARD_LIBRARIES = YES;
				BUNDLE_LOADER = "$(TEST_HOST)";
				CODE_SIGN_STYLE = Automatic;
				DEVELOPMENT_TEAM = 49C4X7J4V5;
				INFOPLIST_FILE = "World TrackingTests/Info.plist";
				LD_RUNPATH_SEARCH_PATHS = "$(inherited) @executable_path/Frameworks @loader_path/Frameworks";
				PRODUCT_BUNDLE_IDENTIFIER = "Team-AR-BOIS.World-TrackingTests";
				PRODUCT_NAME = "$(TARGET_NAME)";
				SWIFT_VERSION = 4.0;
				TARGETED_DEVICE_FAMILY = "1,2";
				TEST_HOST = "$(BUILT_PRODUCTS_DIR)/World Tracking.app/World Tracking";
			};
			name = Debug;
		};
		115721172020927B008D2B8E /* Release */ = {
			isa = XCBuildConfiguration;
			buildSettings = {
				ALWAYS_EMBED_SWIFT_STANDARD_LIBRARIES = YES;
				BUNDLE_LOADER = "$(TEST_HOST)";
				CODE_SIGN_STYLE = Automatic;
				DEVELOPMENT_TEAM = 49C4X7J4V5;
				INFOPLIST_FILE = "World TrackingTests/Info.plist";
				LD_RUNPATH_SEARCH_PATHS = "$(inherited) @executable_path/Frameworks @loader_path/Frameworks";
				PRODUCT_BUNDLE_IDENTIFIER = "Team-AR-BOIS.World-TrackingTests";
				PRODUCT_NAME = "$(TARGET_NAME)";
				SWIFT_VERSION = 4.0;
				TARGETED_DEVICE_FAMILY = "1,2";
				TEST_HOST = "$(BUILT_PRODUCTS_DIR)/World Tracking.app/World Tracking";
			};
			name = Release;
		};
		115721192020927B008D2B8E /* Debug */ = {
			isa = XCBuildConfiguration;
			buildSettings = {
				ALWAYS_EMBED_SWIFT_STANDARD_LIBRARIES = YES;
				CODE_SIGN_STYLE = Automatic;
				DEVELOPMENT_TEAM = 49C4X7J4V5;
				INFOPLIST_FILE = "World TrackingUITests/Info.plist";
				LD_RUNPATH_SEARCH_PATHS = "$(inherited) @executable_path/Frameworks @loader_path/Frameworks";
				PRODUCT_BUNDLE_IDENTIFIER = "Team-AR-BOIS.World-TrackingUITests";
				PRODUCT_NAME = "$(TARGET_NAME)";
				SWIFT_VERSION = 4.0;
				TARGETED_DEVICE_FAMILY = "1,2";
				TEST_TARGET_NAME = "World Tracking";
			};
			name = Debug;
		};
		1157211A2020927B008D2B8E /* Release */ = {
			isa = XCBuildConfiguration;
			buildSettings = {
				ALWAYS_EMBED_SWIFT_STANDARD_LIBRARIES = YES;
				CODE_SIGN_STYLE = Automatic;
				DEVELOPMENT_TEAM = 49C4X7J4V5;
				INFOPLIST_FILE = "World TrackingUITests/Info.plist";
				LD_RUNPATH_SEARCH_PATHS = "$(inherited) @executable_path/Frameworks @loader_path/Frameworks";
				PRODUCT_BUNDLE_IDENTIFIER = "Team-AR-BOIS.World-TrackingUITests";
				PRODUCT_NAME = "$(TARGET_NAME)";
				SWIFT_VERSION = 4.0;
				TARGETED_DEVICE_FAMILY = "1,2";
				TEST_TARGET_NAME = "World Tracking";
			};
			name = Release;
		};
/* End XCBuildConfiguration section */

/* Begin XCConfigurationList section */
		115720E52020927B008D2B8E /* Build configuration list for PBXProject "World Tracking" */ = {
			isa = XCConfigurationList;
			buildConfigurations = (
				115721102020927B008D2B8E /* Debug */,
				115721112020927B008D2B8E /* Release */,
			);
			defaultConfigurationIsVisible = 0;
			defaultConfigurationName = Release;
		};
		115721122020927B008D2B8E /* Build configuration list for PBXNativeTarget "World Tracking" */ = {
			isa = XCConfigurationList;
			buildConfigurations = (
				115721132020927B008D2B8E /* Debug */,
				115721142020927B008D2B8E /* Release */,
			);
			defaultConfigurationIsVisible = 0;
			defaultConfigurationName = Release;
		};
		115721152020927B008D2B8E /* Build configuration list for PBXNativeTarget "World TrackingTests" */ = {
			isa = XCConfigurationList;
			buildConfigurations = (
				115721162020927B008D2B8E /* Debug */,
				115721172020927B008D2B8E /* Release */,
			);
			defaultConfigurationIsVisible = 0;
			defaultConfigurationName = Release;
		};
		115721182020927B008D2B8E /* Build configuration list for PBXNativeTarget "World TrackingUITests" */ = {
			isa = XCConfigurationList;
			buildConfigurations = (
				115721192020927B008D2B8E /* Debug */,
				1157211A2020927B008D2B8E /* Release */,
			);
			defaultConfigurationIsVisible = 0;
			defaultConfigurationName = Release;
		};
/* End XCConfigurationList section */
	};
	rootObject = 115720E22020927B008D2B8E /* Project object */;
}
